
Microsoft Visual Studio Solution File, Format Version 12.00
# Visual Studio Version 16
VisualStudioVersion = 16.0.30225.117
MinimumVisualStudioVersion = 10.0.40219.1
Project("{FAE04EC0-301F-11D3-BF4B-00C04F79EFBC}") = "DisasterAlarm", "DisasterAlarm.csproj", "{901DBF80-B888-4ED9-AA80-57162988CB93}"
EndProject
Global
	GlobalSection(SolutionConfigurationPlatforms) = preSolution
		Debug|Any CPU = Debug|Any CPU
		Release|Any CPU = Release|Any CPU
	EndGlobalSection
	GlobalSection(ProjectConfigurationPlatforms) = postSolution
		{901DBF80-B888-4ED9-AA80-57162988CB93}.Debug|Any CPU.ActiveCfg = Debug|Any CPU
		{901DBF80-B888-4ED9-AA80-57162988CB93}.Debug|Any CPU.Build.0 = Debug|Any CPU
		{901DBF80-B888-4ED9-AA80-57162988CB93}.Release|Any CPU.ActiveCfg = Release|Any CPU
		{901DBF80-B888-4ED9-AA80-57162988CB93}.Release|Any CPU.Build.0 = Release|Any CPU
	EndGlobalSection
	GlobalSection(SolutionProperties) = preSolution
		HideSolutionNode = FALSE
	EndGlobalSection
	GlobalSection(ExtensibilityGlobals) = postSolution
		SolutionGuid = {8744E1E1-8622-4B2C-8945-6D14C9145ED0}
	EndGlobalSection
EndGlobal
