
Microsoft Visual Studio Solution File, Format Version 12.00
# Visual Studio Version 16
VisualStudioVersion = 16.0.30225.117
MinimumVisualStudioVersion = 10.0.40219.1
Project("{FAE04EC0-301F-11D3-BF4B-00C04F79EFBC}") = "HelloApp", "HelloApp\HelloApp.csproj", "{8D393BDA-3E00-401C-BA1D-73954E2888CD}"
EndProject
Project("{FAE04EC0-301F-11D3-BF4B-00C04F79EFBC}") = "intergerType", "intergerType\intergerType.csproj", "{6E74A755-D460-4A4F-8FA3-40E7EF77E7A6}"
EndProject
Project("{FAE04EC0-301F-11D3-BF4B-00C04F79EFBC}") = "boxingUnboxing", "boxingUnboxing\boxingUnboxing.csproj", "{40A4EE8A-C3C9-444A-B3BF-C1A9F84AA45F}"
EndProject
Project("{FAE04EC0-301F-11D3-BF4B-00C04F79EFBC}") = "integerConversion", "integerConversion\integerConversion.csproj", "{9D3A78B5-4CA4-4C64-9E61-FDADAB33A826}"
EndProject
Project("{2150E333-8FDC-42A3-9474-1A3956D46DE8}") = "Chap03", "Chap03", "{4F145A30-750A-47FA-8E18-091E2C83DCB1}"
EndProject
Project("{2150E333-8FDC-42A3-9474-1A3956D46DE8}") = "Chap02", "Chap02", "{0AA6860B-C6C0-48F1-BC34-7BC5CFA70591}"
EndProject
Project("{9A19103F-16F7-4668-BE54-9A1E7A4F7556}") = "StringNumberConversion", "StringNumberConversion\StringNumberConversion.csproj", "{6342382A-F46A-4409-A8E7-C0F2A48F5609}"
EndProject
Project("{FAE04EC0-301F-11D3-BF4B-00C04F79EFBC}") = "enumApp", "enumApp\enumApp.csproj", "{059A2ED9-E8B1-4E0E-BD46-93DF830887FB}"
EndProject
Project("{FAE04EC0-301F-11D3-BF4B-00C04F79EFBC}") = "NullableApp", "NullableApp\NullableApp.csproj", "{1DA8DE84-0128-4966-A5A0-B66F344CD43D}"
EndProject
Project("{2150E333-8FDC-42A3-9474-1A3956D46DE8}") = "Appendix A", "Appendix A", "{82CA74D0-E2D7-4037-93EB-90E3785FDE35}"
EndProject
Project("{FAE04EC0-301F-11D3-BF4B-00C04F79EFBC}") = "StringSearchApp", "StringSearchApp\StringSearchApp.csproj", "{577CCBF0-8AAE-4DBE-9036-AC2DEF68C617}"
EndProject
Project("{2150E333-8FDC-42A3-9474-1A3956D46DE8}") = "Chap05", "Chap05", "{3C121AC6-CA4D-4F42-A2E3-0E5A624B0FC6}"
EndProject
Project("{FAE04EC0-301F-11D3-BF4B-00C04F79EFBC}") = "ifelseApp", "ifelseApp\ifelseApp.csproj", "{A50BE547-2546-417D-88C9-83FB6DCA6F5C}"
EndProject
Project("{FAE04EC0-301F-11D3-BF4B-00C04F79EFBC}") = "SwitchCaseApp", "SwitchCaseApp\SwitchCaseApp.csproj", "{297AA945-B35D-42B7-BC0C-21CC4A679290}"
EndProject
Project("{FAE04EC0-301F-11D3-BF4B-00C04F79EFBC}") = "whileApp", "whileApp\whileApp.csproj", "{C0301244-DFE8-461D-B5E1-6DD7E73C8905}"
EndProject
Project("{2150E333-8FDC-42A3-9474-1A3956D46DE8}") = "Chap06", "Chap06", "{39483229-D795-4B8C-AA2C-2AFF2583EF03}"
EndProject
Project("{FAE04EC0-301F-11D3-BF4B-00C04F79EFBC}") = "SwapByValue", "SwapByValue\SwapByValue.csproj", "{142BB700-86AD-4521-B8A6-E3D3080E488A}"
EndProject
Project("{FAE04EC0-301F-11D3-BF4B-00C04F79EFBC}") = "RefReturn", "RefReturn\RefReturn.csproj", "{E6E24799-158E-4618-A0F0-71B9379D8C65}"
EndProject
Project("{FAE04EC0-301F-11D3-BF4B-00C04F79EFBC}") = "UsingOut", "UsingOut\UsingOut.csproj", "{DBCB884B-3D1E-472C-A7A7-B4D731101A86}"
EndProject
Project("{FAE04EC0-301F-11D3-BF4B-00C04F79EFBC}") = "Overloading", "Overloading\Overloading.csproj", "{66561EA0-81F3-42CE-B52E-04ACA276BECF}"
EndProject
Project("{FAE04EC0-301F-11D3-BF4B-00C04F79EFBC}") = "localFunction", "localFunction\localFunction.csproj", "{BFAB9F58-A308-4F63-9CAD-7C419D28FCF8}"
EndProject
Project("{FAE04EC0-301F-11D3-BF4B-00C04F79EFBC}") = "Ex6_1", "Ex6_1\Ex6_1.csproj", "{76B98B3C-B452-4AF2-A646-65E55F824A89}"
EndProject
Project("{FAE04EC0-301F-11D3-BF4B-00C04F79EFBC}") = "Ex6_2", "Ex6_2\Ex6_2.csproj", "{F768D441-0083-49AC-859A-A7C1EDDD14C5}"
EndProject
Project("{FAE04EC0-301F-11D3-BF4B-00C04F79EFBC}") = "Ex6_3", "Ex6_3\Ex6_3.csproj", "{2AB714A5-9710-4DD0-822D-B60E7265CB9A}"
EndProject
Global
	GlobalSection(SolutionConfigurationPlatforms) = preSolution
		Debug|Any CPU = Debug|Any CPU
		Release|Any CPU = Release|Any CPU
	EndGlobalSection
	GlobalSection(ProjectConfigurationPlatforms) = postSolution
		{8D393BDA-3E00-401C-BA1D-73954E2888CD}.Debug|Any CPU.ActiveCfg = Debug|Any CPU
		{8D393BDA-3E00-401C-BA1D-73954E2888CD}.Debug|Any CPU.Build.0 = Debug|Any CPU
		{8D393BDA-3E00-401C-BA1D-73954E2888CD}.Release|Any CPU.ActiveCfg = Release|Any CPU
		{8D393BDA-3E00-401C-BA1D-73954E2888CD}.Release|Any CPU.Build.0 = Release|Any CPU
		{6E74A755-D460-4A4F-8FA3-40E7EF77E7A6}.Debug|Any CPU.ActiveCfg = Debug|Any CPU
		{6E74A755-D460-4A4F-8FA3-40E7EF77E7A6}.Debug|Any CPU.Build.0 = Debug|Any CPU
		{6E74A755-D460-4A4F-8FA3-40E7EF77E7A6}.Release|Any CPU.ActiveCfg = Release|Any CPU
		{6E74A755-D460-4A4F-8FA3-40E7EF77E7A6}.Release|Any CPU.Build.0 = Release|Any CPU
		{40A4EE8A-C3C9-444A-B3BF-C1A9F84AA45F}.Debug|Any CPU.ActiveCfg = Debug|Any CPU
		{40A4EE8A-C3C9-444A-B3BF-C1A9F84AA45F}.Debug|Any CPU.Build.0 = Debug|Any CPU
		{40A4EE8A-C3C9-444A-B3BF-C1A9F84AA45F}.Release|Any CPU.ActiveCfg = Release|Any CPU
		{40A4EE8A-C3C9-444A-B3BF-C1A9F84AA45F}.Release|Any CPU.Build.0 = Release|Any CPU
		{9D3A78B5-4CA4-4C64-9E61-FDADAB33A826}.Debug|Any CPU.ActiveCfg = Debug|Any CPU
		{9D3A78B5-4CA4-4C64-9E61-FDADAB33A826}.Debug|Any CPU.Build.0 = Debug|Any CPU
		{9D3A78B5-4CA4-4C64-9E61-FDADAB33A826}.Release|Any CPU.ActiveCfg = Release|Any CPU
		{9D3A78B5-4CA4-4C64-9E61-FDADAB33A826}.Release|Any CPU.Build.0 = Release|Any CPU
		{6342382A-F46A-4409-A8E7-C0F2A48F5609}.Debug|Any CPU.ActiveCfg = Debug|Any CPU
		{6342382A-F46A-4409-A8E7-C0F2A48F5609}.Debug|Any CPU.Build.0 = Debug|Any CPU
		{6342382A-F46A-4409-A8E7-C0F2A48F5609}.Release|Any CPU.ActiveCfg = Release|Any CPU
		{6342382A-F46A-4409-A8E7-C0F2A48F5609}.Release|Any CPU.Build.0 = Release|Any CPU
		{059A2ED9-E8B1-4E0E-BD46-93DF830887FB}.Debug|Any CPU.ActiveCfg = Debug|Any CPU
		{059A2ED9-E8B1-4E0E-BD46-93DF830887FB}.Debug|Any CPU.Build.0 = Debug|Any CPU
		{059A2ED9-E8B1-4E0E-BD46-93DF830887FB}.Release|Any CPU.ActiveCfg = Release|Any CPU
		{059A2ED9-E8B1-4E0E-BD46-93DF830887FB}.Release|Any CPU.Build.0 = Release|Any CPU
		{1DA8DE84-0128-4966-A5A0-B66F344CD43D}.Debug|Any CPU.ActiveCfg = Debug|Any CPU
		{1DA8DE84-0128-4966-A5A0-B66F344CD43D}.Debug|Any CPU.Build.0 = Debug|Any CPU
		{1DA8DE84-0128-4966-A5A0-B66F344CD43D}.Release|Any CPU.ActiveCfg = Release|Any CPU
		{1DA8DE84-0128-4966-A5A0-B66F344CD43D}.Release|Any CPU.Build.0 = Release|Any CPU
		{577CCBF0-8AAE-4DBE-9036-AC2DEF68C617}.Debug|Any CPU.ActiveCfg = Debug|Any CPU
		{577CCBF0-8AAE-4DBE-9036-AC2DEF68C617}.Debug|Any CPU.Build.0 = Debug|Any CPU
		{577CCBF0-8AAE-4DBE-9036-AC2DEF68C617}.Release|Any CPU.ActiveCfg = Release|Any CPU
		{577CCBF0-8AAE-4DBE-9036-AC2DEF68C617}.Release|Any CPU.Build.0 = Release|Any CPU
		{A50BE547-2546-417D-88C9-83FB6DCA6F5C}.Debug|Any CPU.ActiveCfg = Debug|Any CPU
		{A50BE547-2546-417D-88C9-83FB6DCA6F5C}.Debug|Any CPU.Build.0 = Debug|Any CPU
		{A50BE547-2546-417D-88C9-83FB6DCA6F5C}.Release|Any CPU.ActiveCfg = Release|Any CPU
		{A50BE547-2546-417D-88C9-83FB6DCA6F5C}.Release|Any CPU.Build.0 = Release|Any CPU
		{297AA945-B35D-42B7-BC0C-21CC4A679290}.Debug|Any CPU.ActiveCfg = Debug|Any CPU
		{297AA945-B35D-42B7-BC0C-21CC4A679290}.Debug|Any CPU.Build.0 = Debug|Any CPU
		{297AA945-B35D-42B7-BC0C-21CC4A679290}.Release|Any CPU.ActiveCfg = Release|Any CPU
		{297AA945-B35D-42B7-BC0C-21CC4A679290}.Release|Any CPU.Build.0 = Release|Any CPU
		{C0301244-DFE8-461D-B5E1-6DD7E73C8905}.Debug|Any CPU.ActiveCfg = Debug|Any CPU
		{C0301244-DFE8-461D-B5E1-6DD7E73C8905}.Debug|Any CPU.Build.0 = Debug|Any CPU
		{C0301244-DFE8-461D-B5E1-6DD7E73C8905}.Release|Any CPU.ActiveCfg = Release|Any CPU
		{C0301244-DFE8-461D-B5E1-6DD7E73C8905}.Release|Any CPU.Build.0 = Release|Any CPU
		{142BB700-86AD-4521-B8A6-E3D3080E488A}.Debug|Any CPU.ActiveCfg = Debug|Any CPU
		{142BB700-86AD-4521-B8A6-E3D3080E488A}.Debug|Any CPU.Build.0 = Debug|Any CPU
		{142BB700-86AD-4521-B8A6-E3D3080E488A}.Release|Any CPU.ActiveCfg = Release|Any CPU
		{142BB700-86AD-4521-B8A6-E3D3080E488A}.Release|Any CPU.Build.0 = Release|Any CPU
		{E6E24799-158E-4618-A0F0-71B9379D8C65}.Debug|Any CPU.ActiveCfg = Debug|Any CPU
		{E6E24799-158E-4618-A0F0-71B9379D8C65}.Debug|Any CPU.Build.0 = Debug|Any CPU
		{E6E24799-158E-4618-A0F0-71B9379D8C65}.Release|Any CPU.ActiveCfg = Release|Any CPU
		{E6E24799-158E-4618-A0F0-71B9379D8C65}.Release|Any CPU.Build.0 = Release|Any CPU
		{DBCB884B-3D1E-472C-A7A7-B4D731101A86}.Debug|Any CPU.ActiveCfg = Debug|Any CPU
		{DBCB884B-3D1E-472C-A7A7-B4D731101A86}.Debug|Any CPU.Build.0 = Debug|Any CPU
		{DBCB884B-3D1E-472C-A7A7-B4D731101A86}.Release|Any CPU.ActiveCfg = Release|Any CPU
		{DBCB884B-3D1E-472C-A7A7-B4D731101A86}.Release|Any CPU.Build.0 = Release|Any CPU
		{66561EA0-81F3-42CE-B52E-04ACA276BECF}.Debug|Any CPU.ActiveCfg = Debug|Any CPU
		{66561EA0-81F3-42CE-B52E-04ACA276BECF}.Debug|Any CPU.Build.0 = Debug|Any CPU
		{66561EA0-81F3-42CE-B52E-04ACA276BECF}.Release|Any CPU.ActiveCfg = Release|Any CPU
		{66561EA0-81F3-42CE-B52E-04ACA276BECF}.Release|Any CPU.Build.0 = Release|Any CPU
		{BFAB9F58-A308-4F63-9CAD-7C419D28FCF8}.Debug|Any CPU.ActiveCfg = Debug|Any CPU
		{BFAB9F58-A308-4F63-9CAD-7C419D28FCF8}.Debug|Any CPU.Build.0 = Debug|Any CPU
		{BFAB9F58-A308-4F63-9CAD-7C419D28FCF8}.Release|Any CPU.ActiveCfg = Release|Any CPU
		{BFAB9F58-A308-4F63-9CAD-7C419D28FCF8}.Release|Any CPU.Build.0 = Release|Any CPU
		{76B98B3C-B452-4AF2-A646-65E55F824A89}.Debug|Any CPU.ActiveCfg = Debug|Any CPU
		{76B98B3C-B452-4AF2-A646-65E55F824A89}.Debug|Any CPU.Build.0 = Debug|Any CPU
		{76B98B3C-B452-4AF2-A646-65E55F824A89}.Release|Any CPU.ActiveCfg = Release|Any CPU
		{76B98B3C-B452-4AF2-A646-65E55F824A89}.Release|Any CPU.Build.0 = Release|Any CPU
		{F768D441-0083-49AC-859A-A7C1EDDD14C5}.Debug|Any CPU.ActiveCfg = Debug|Any CPU
		{F768D441-0083-49AC-859A-A7C1EDDD14C5}.Debug|Any CPU.Build.0 = Debug|Any CPU
		{F768D441-0083-49AC-859A-A7C1EDDD14C5}.Release|Any CPU.ActiveCfg = Release|Any CPU
		{F768D441-0083-49AC-859A-A7C1EDDD14C5}.Release|Any CPU.Build.0 = Release|Any CPU
		{2AB714A5-9710-4DD0-822D-B60E7265CB9A}.Debug|Any CPU.ActiveCfg = Debug|Any CPU
		{2AB714A5-9710-4DD0-822D-B60E7265CB9A}.Debug|Any CPU.Build.0 = Debug|Any CPU
		{2AB714A5-9710-4DD0-822D-B60E7265CB9A}.Release|Any CPU.ActiveCfg = Release|Any CPU
		{2AB714A5-9710-4DD0-822D-B60E7265CB9A}.Release|Any CPU.Build.0 = Release|Any CPU
	EndGlobalSection
	GlobalSection(SolutionProperties) = preSolution
		HideSolutionNode = FALSE
	EndGlobalSection
	GlobalSection(NestedProjects) = preSolution
		{8D393BDA-3E00-401C-BA1D-73954E2888CD} = {0AA6860B-C6C0-48F1-BC34-7BC5CFA70591}
		{6E74A755-D460-4A4F-8FA3-40E7EF77E7A6} = {4F145A30-750A-47FA-8E18-091E2C83DCB1}
		{40A4EE8A-C3C9-444A-B3BF-C1A9F84AA45F} = {4F145A30-750A-47FA-8E18-091E2C83DCB1}
		{9D3A78B5-4CA4-4C64-9E61-FDADAB33A826} = {4F145A30-750A-47FA-8E18-091E2C83DCB1}
		{6342382A-F46A-4409-A8E7-C0F2A48F5609} = {4F145A30-750A-47FA-8E18-091E2C83DCB1}
		{059A2ED9-E8B1-4E0E-BD46-93DF830887FB} = {4F145A30-750A-47FA-8E18-091E2C83DCB1}
		{1DA8DE84-0128-4966-A5A0-B66F344CD43D} = {4F145A30-750A-47FA-8E18-091E2C83DCB1}
		{577CCBF0-8AAE-4DBE-9036-AC2DEF68C617} = {82CA74D0-E2D7-4037-93EB-90E3785FDE35}
		{A50BE547-2546-417D-88C9-83FB6DCA6F5C} = {3C121AC6-CA4D-4F42-A2E3-0E5A624B0FC6}
		{297AA945-B35D-42B7-BC0C-21CC4A679290} = {3C121AC6-CA4D-4F42-A2E3-0E5A624B0FC6}
		{C0301244-DFE8-461D-B5E1-6DD7E73C8905} = {3C121AC6-CA4D-4F42-A2E3-0E5A624B0FC6}
		{142BB700-86AD-4521-B8A6-E3D3080E488A} = {39483229-D795-4B8C-AA2C-2AFF2583EF03}
		{E6E24799-158E-4618-A0F0-71B9379D8C65} = {39483229-D795-4B8C-AA2C-2AFF2583EF03}
		{DBCB884B-3D1E-472C-A7A7-B4D731101A86} = {39483229-D795-4B8C-AA2C-2AFF2583EF03}
		{66561EA0-81F3-42CE-B52E-04ACA276BECF} = {39483229-D795-4B8C-AA2C-2AFF2583EF03}
		{BFAB9F58-A308-4F63-9CAD-7C419D28FCF8} = {39483229-D795-4B8C-AA2C-2AFF2583EF03}
		{76B98B3C-B452-4AF2-A646-65E55F824A89} = {39483229-D795-4B8C-AA2C-2AFF2583EF03}
		{F768D441-0083-49AC-859A-A7C1EDDD14C5} = {39483229-D795-4B8C-AA2C-2AFF2583EF03}
		{2AB714A5-9710-4DD0-822D-B60E7265CB9A} = {39483229-D795-4B8C-AA2C-2AFF2583EF03}
	EndGlobalSection
	GlobalSection(ExtensibilityGlobals) = postSolution
		SolutionGuid = {58565F9D-E33E-43FF-AD97-2186139584D3}
	EndGlobalSection
EndGlobal
