
Microsoft Visual Studio Solution File, Format Version 12.00
# Visual Studio Version 16
VisualStudioVersion = 16.0.30225.117
MinimumVisualStudioVersion = 10.0.40219.1
Project("{FAE04EC0-301F-11D3-BF4B-00C04F79EFBC}") = "HelloApp", "HelloApp\HelloApp.csproj", "{8D393BDA-3E00-401C-BA1D-73954E2888CD}"
EndProject
Global
	GlobalSection(SolutionConfigurationPlatforms) = preSolution
		Debug|Any CPU = Debug|Any CPU
		Release|Any CPU = Release|Any CPU
	EndGlobalSection
	GlobalSection(ProjectConfigurationPlatforms) = postSolution
		{8D393BDA-3E00-401C-BA1D-73954E2888CD}.Debug|Any CPU.ActiveCfg = Debug|Any CPU
		{8D393BDA-3E00-401C-BA1D-73954E2888CD}.Debug|Any CPU.Build.0 = Debug|Any CPU
		{8D393BDA-3E00-401C-BA1D-73954E2888CD}.Release|Any CPU.ActiveCfg = Release|Any CPU
		{8D393BDA-3E00-401C-BA1D-73954E2888CD}.Release|Any CPU.Build.0 = Release|Any CPU
	EndGlobalSection
	GlobalSection(SolutionProperties) = preSolution
		HideSolutionNode = FALSE
	EndGlobalSection
	GlobalSection(ExtensibilityGlobals) = postSolution
		SolutionGuid = {58565F9D-E33E-43FF-AD97-2186139584D3}
	EndGlobalSection
EndGlobal
