
Microsoft Visual Studio Solution File, Format Version 12.00
# Visual Studio Version 16
VisualStudioVersion = 16.0.30225.117
MinimumVisualStudioVersion = 10.0.40219.1
Project("{FAE04EC0-301F-11D3-BF4B-00C04F79EFBC}") = "HelloApp", "HelloApp\HelloApp.csproj", "{8D393BDA-3E00-401C-BA1D-73954E2888CD}"
EndProject
Project("{FAE04EC0-301F-11D3-BF4B-00C04F79EFBC}") = "intergerType", "intergerType\intergerType.csproj", "{6E74A755-D460-4A4F-8FA3-40E7EF77E7A6}"
EndProject
Project("{FAE04EC0-301F-11D3-BF4B-00C04F79EFBC}") = "boxingUnboxing", "boxingUnboxing\boxingUnboxing.csproj", "{40A4EE8A-C3C9-444A-B3BF-C1A9F84AA45F}"
EndProject
Project("{FAE04EC0-301F-11D3-BF4B-00C04F79EFBC}") = "integerConversion", "integerConversion\integerConversion.csproj", "{9D3A78B5-4CA4-4C64-9E61-FDADAB33A826}"
EndProject
Project("{2150E333-8FDC-42A3-9474-1A3956D46DE8}") = "Chap03", "Chap03", "{4F145A30-750A-47FA-8E18-091E2C83DCB1}"
EndProject
Project("{2150E333-8FDC-42A3-9474-1A3956D46DE8}") = "Chap02", "Chap02", "{0AA6860B-C6C0-48F1-BC34-7BC5CFA70591}"
EndProject
Project("{9A19103F-16F7-4668-BE54-9A1E7A4F7556}") = "StringNumberConversion", "StringNumberConversion\StringNumberConversion.csproj", "{6342382A-F46A-4409-A8E7-C0F2A48F5609}"
EndProject
Project("{FAE04EC0-301F-11D3-BF4B-00C04F79EFBC}") = "enumApp", "enumApp\enumApp.csproj", "{059A2ED9-E8B1-4E0E-BD46-93DF830887FB}"
EndProject
Project("{FAE04EC0-301F-11D3-BF4B-00C04F79EFBC}") = "NullableApp", "NullableApp\NullableApp.csproj", "{1DA8DE84-0128-4966-A5A0-B66F344CD43D}"
EndProject
Project("{2150E333-8FDC-42A3-9474-1A3956D46DE8}") = "Appendix A", "Appendix A", "{82CA74D0-E2D7-4037-93EB-90E3785FDE35}"
EndProject
Project("{FAE04EC0-301F-11D3-BF4B-00C04F79EFBC}") = "StringSearchApp", "StringSearchApp\StringSearchApp.csproj", "{577CCBF0-8AAE-4DBE-9036-AC2DEF68C617}"
EndProject
Project("{2150E333-8FDC-42A3-9474-1A3956D46DE8}") = "Chap05", "Chap05", "{3C121AC6-CA4D-4F42-A2E3-0E5A624B0FC6}"
EndProject
Project("{FAE04EC0-301F-11D3-BF4B-00C04F79EFBC}") = "ifelseApp", "ifelseApp\ifelseApp.csproj", "{A50BE547-2546-417D-88C9-83FB6DCA6F5C}"
EndProject
Project("{FAE04EC0-301F-11D3-BF4B-00C04F79EFBC}") = "SwitchCaseApp", "SwitchCaseApp\SwitchCaseApp.csproj", "{297AA945-B35D-42B7-BC0C-21CC4A679290}"
EndProject
Project("{FAE04EC0-301F-11D3-BF4B-00C04F79EFBC}") = "whileApp", "whileApp\whileApp.csproj", "{C0301244-DFE8-461D-B5E1-6DD7E73C8905}"
EndProject
Project("{2150E333-8FDC-42A3-9474-1A3956D46DE8}") = "Chap06", "Chap06", "{39483229-D795-4B8C-AA2C-2AFF2583EF03}"
EndProject
Project("{FAE04EC0-301F-11D3-BF4B-00C04F79EFBC}") = "SwapByValue", "SwapByValue\SwapByValue.csproj", "{142BB700-86AD-4521-B8A6-E3D3080E488A}"
EndProject
Project("{FAE04EC0-301F-11D3-BF4B-00C04F79EFBC}") = "RefReturn", "RefReturn\RefReturn.csproj", "{E6E24799-158E-4618-A0F0-71B9379D8C65}"
EndProject
Project("{FAE04EC0-301F-11D3-BF4B-00C04F79EFBC}") = "UsingOut", "UsingOut\UsingOut.csproj", "{DBCB884B-3D1E-472C-A7A7-B4D731101A86}"
EndProject
Project("{FAE04EC0-301F-11D3-BF4B-00C04F79EFBC}") = "Overloading", "Overloading\Overloading.csproj", "{66561EA0-81F3-42CE-B52E-04ACA276BECF}"
EndProject
Project("{FAE04EC0-301F-11D3-BF4B-00C04F79EFBC}") = "localFunction", "localFunction\localFunction.csproj", "{BFAB9F58-A308-4F63-9CAD-7C419D28FCF8}"
EndProject
Project("{FAE04EC0-301F-11D3-BF4B-00C04F79EFBC}") = "Ex6_1", "Ex6_1\Ex6_1.csproj", "{76B98B3C-B452-4AF2-A646-65E55F824A89}"
EndProject
Project("{FAE04EC0-301F-11D3-BF4B-00C04F79EFBC}") = "Ex6_2", "Ex6_2\Ex6_2.csproj", "{F768D441-0083-49AC-859A-A7C1EDDD14C5}"
EndProject
Project("{FAE04EC0-301F-11D3-BF4B-00C04F79EFBC}") = "Ex6_3", "Ex6_3\Ex6_3.csproj", "{2AB714A5-9710-4DD0-822D-B60E7265CB9A}"
EndProject
Project("{2150E333-8FDC-42A3-9474-1A3956D46DE8}") = "Chap07", "Chap07", "{20414A25-EFC6-49B7-B352-9B7DE67D3006}"
EndProject
Project("{FAE04EC0-301F-11D3-BF4B-00C04F79EFBC}") = "basicClass", "basicClass\basicClass.csproj", "{787EC8DA-33F7-4479-BB88-0FB9BFC41151}"
EndProject
Project("{FAE04EC0-301F-11D3-BF4B-00C04F79EFBC}") = "staticField", "staticField\staticField.csproj", "{D999BBA8-F79A-4D39-8BF2-D0213E7B0091}"
EndProject
Project("{FAE04EC0-301F-11D3-BF4B-00C04F79EFBC}") = "deepCopy", "deepCopy\deepCopy.csproj", "{4C0615D0-CF60-48D6-AB6A-7AA0BCACEA72}"
EndProject
Project("{FAE04EC0-301F-11D3-BF4B-00C04F79EFBC}") = "AccessModifier", "AccessModifier\AccessModifier.csproj", "{74A12661-A336-41D2-9063-195B104ACAC8}"
EndProject
Project("{FAE04EC0-301F-11D3-BF4B-00C04F79EFBC}") = "inherritance", "inherritance\inherritance.csproj", "{9680FCC1-A96B-4F75-94A8-7470F2C754FE}"
EndProject
Project("{FAE04EC0-301F-11D3-BF4B-00C04F79EFBC}") = "ClasstypeCasting", "ClasstypeCasting\ClasstypeCasting.csproj", "{4D755A33-583F-4F9A-AC3A-25B53210D898}"
EndProject
Project("{FAE04EC0-301F-11D3-BF4B-00C04F79EFBC}") = "Overriding", "Overriding\Overriding.csproj", "{E56EA101-D5C7-4E7B-81FF-29E41A25357C}"
EndProject
Project("{FAE04EC0-301F-11D3-BF4B-00C04F79EFBC}") = "NestedClass", "NestedClass\NestedClass.csproj", "{F63AF6FD-B80F-4837-A097-CB834C98CE52}"
EndProject
Project("{FAE04EC0-301F-11D3-BF4B-00C04F79EFBC}") = "Structure", "Structure\Structure.csproj", "{C271DABF-4755-46BF-9250-67268BC109B8}"
EndProject
Project("{FAE04EC0-301F-11D3-BF4B-00C04F79EFBC}") = "Tuple", "Tuple\Tuple.csproj", "{EDEDE762-ED60-492F-93CC-56F7CC139621}"
EndProject
Project("{FAE04EC0-301F-11D3-BF4B-00C04F79EFBC}") = "exam7_2", "exam7_2\exam7_2.csproj", "{2CEC4606-4B79-4C0F-B6B2-2EFB81BEBE96}"
EndProject
Project("{2150E333-8FDC-42A3-9474-1A3956D46DE8}") = "Chap08", "Chap08", "{50B59264-5EF7-4BEC-9442-82858335E13D}"
EndProject
Project("{FAE04EC0-301F-11D3-BF4B-00C04F79EFBC}") = "MultiInterface", "MultiInterface\MultiInterface.csproj", "{91D12564-B1B7-4438-B348-F1337394B67F}"
EndProject
Project("{2150E333-8FDC-42A3-9474-1A3956D46DE8}") = "Chap13", "Chap13", "{84C84918-9E87-4C00-9D36-B332B64FDB99}"
EndProject
Project("{FAE04EC0-301F-11D3-BF4B-00C04F79EFBC}") = "WindowsFormsApp1", "WindowsFormsApp1\WindowsFormsApp1.csproj", "{8C97E17B-E01A-4143-BCBC-4CD850AB1A27}"
EndProject
Project("{2150E333-8FDC-42A3-9474-1A3956D46DE8}") = "Chap14", "Chap14", "{341AEF29-6EDA-4B07-8FD7-73B560705745}"
EndProject
Project("{FAE04EC0-301F-11D3-BF4B-00C04F79EFBC}") = "SimpleLambda", "SimpleLambda\SimpleLambda.csproj", "{B4D0A39A-0EAC-4DC8-B0AA-CF7F4A700178}"
EndProject
Project("{FAE04EC0-301F-11D3-BF4B-00C04F79EFBC}") = "UsingFunc", "UsingFunc\UsingFunc.csproj", "{DCE2E903-6B7F-42BF-B171-8CD755EA16DE}"
EndProject
Project("{FAE04EC0-301F-11D3-BF4B-00C04F79EFBC}") = "LambdaExMember", "LambdaExMember\LambdaExMember.csproj", "{F2EFC51D-8FBF-41BE-B768-31F87B4435C5}"
EndProject
Project("{2150E333-8FDC-42A3-9474-1A3956D46DE8}") = "Chap15", "Chap15", "{4E0FFA21-F63D-4D62-9735-2A7B2C243050}"
EndProject
Project("{FAE04EC0-301F-11D3-BF4B-00C04F79EFBC}") = "UsingFrom", "UsingFrom\UsingFrom.csproj", "{E1399A79-C27E-4FBF-B449-BF1F8F02D950}"
EndProject
Project("{2150E333-8FDC-42A3-9474-1A3956D46DE8}") = "Chap19", "Chap19", "{3616EF46-3462-451E-86B2-93D24B14D6BF}"
EndProject
Project("{FAE04EC0-301F-11D3-BF4B-00C04F79EFBC}") = "BasicThread", "BasicThread\BasicThread.csproj", "{8BF2E07D-6153-4E3D-8CFE-33623E85CC7C}"
EndProject
Project("{FAE04EC0-301F-11D3-BF4B-00C04F79EFBC}") = "WinThreadExam", "WinThreadExam\WinThreadExam.csproj", "{159A51B8-7D30-4BC3-959A-8DB8B9CD43A8}"
EndProject
Project("{FAE04EC0-301F-11D3-BF4B-00C04F79EFBC}") = "abortThread", "abortThread\abortThread.csproj", "{76461134-73E5-44A5-A4EB-2DAA1126990A}"
EndProject
Project("{FAE04EC0-301F-11D3-BF4B-00C04F79EFBC}") = "interrupt", "interrupt\interrupt.csproj", "{6EA5CE63-F876-47C8-AA30-35CC50AD4050}"
EndProject
Project("{FAE04EC0-301F-11D3-BF4B-00C04F79EFBC}") = "UsingLock", "UsingLock\UsingLock.csproj", "{E009BB85-17DD-4E9B-A012-B37C3850184B}"
EndProject
Project("{FAE04EC0-301F-11D3-BF4B-00C04F79EFBC}") = "dbcheck", "dbcheck\dbcheck.csproj", "{1238D9C2-1402-4B6F-8EBE-4E93D31E2178}"
EndProject
Global
	GlobalSection(SolutionConfigurationPlatforms) = preSolution
		Debug|Any CPU = Debug|Any CPU
		Release|Any CPU = Release|Any CPU
	EndGlobalSection
	GlobalSection(ProjectConfigurationPlatforms) = postSolution
		{8D393BDA-3E00-401C-BA1D-73954E2888CD}.Debug|Any CPU.ActiveCfg = Debug|Any CPU
		{8D393BDA-3E00-401C-BA1D-73954E2888CD}.Debug|Any CPU.Build.0 = Debug|Any CPU
		{8D393BDA-3E00-401C-BA1D-73954E2888CD}.Release|Any CPU.ActiveCfg = Release|Any CPU
		{8D393BDA-3E00-401C-BA1D-73954E2888CD}.Release|Any CPU.Build.0 = Release|Any CPU
		{6E74A755-D460-4A4F-8FA3-40E7EF77E7A6}.Debug|Any CPU.ActiveCfg = Debug|Any CPU
		{6E74A755-D460-4A4F-8FA3-40E7EF77E7A6}.Debug|Any CPU.Build.0 = Debug|Any CPU
		{6E74A755-D460-4A4F-8FA3-40E7EF77E7A6}.Release|Any CPU.ActiveCfg = Release|Any CPU
		{6E74A755-D460-4A4F-8FA3-40E7EF77E7A6}.Release|Any CPU.Build.0 = Release|Any CPU
		{40A4EE8A-C3C9-444A-B3BF-C1A9F84AA45F}.Debug|Any CPU.ActiveCfg = Debug|Any CPU
		{40A4EE8A-C3C9-444A-B3BF-C1A9F84AA45F}.Debug|Any CPU.Build.0 = Debug|Any CPU
		{40A4EE8A-C3C9-444A-B3BF-C1A9F84AA45F}.Release|Any CPU.ActiveCfg = Release|Any CPU
		{40A4EE8A-C3C9-444A-B3BF-C1A9F84AA45F}.Release|Any CPU.Build.0 = Release|Any CPU
		{9D3A78B5-4CA4-4C64-9E61-FDADAB33A826}.Debug|Any CPU.ActiveCfg = Debug|Any CPU
		{9D3A78B5-4CA4-4C64-9E61-FDADAB33A826}.Debug|Any CPU.Build.0 = Debug|Any CPU
		{9D3A78B5-4CA4-4C64-9E61-FDADAB33A826}.Release|Any CPU.ActiveCfg = Release|Any CPU
		{9D3A78B5-4CA4-4C64-9E61-FDADAB33A826}.Release|Any CPU.Build.0 = Release|Any CPU
		{6342382A-F46A-4409-A8E7-C0F2A48F5609}.Debug|Any CPU.ActiveCfg = Debug|Any CPU
		{6342382A-F46A-4409-A8E7-C0F2A48F5609}.Debug|Any CPU.Build.0 = Debug|Any CPU
		{6342382A-F46A-4409-A8E7-C0F2A48F5609}.Release|Any CPU.ActiveCfg = Release|Any CPU
		{6342382A-F46A-4409-A8E7-C0F2A48F5609}.Release|Any CPU.Build.0 = Release|Any CPU
		{059A2ED9-E8B1-4E0E-BD46-93DF830887FB}.Debug|Any CPU.ActiveCfg = Debug|Any CPU
		{059A2ED9-E8B1-4E0E-BD46-93DF830887FB}.Debug|Any CPU.Build.0 = Debug|Any CPU
		{059A2ED9-E8B1-4E0E-BD46-93DF830887FB}.Release|Any CPU.ActiveCfg = Release|Any CPU
		{059A2ED9-E8B1-4E0E-BD46-93DF830887FB}.Release|Any CPU.Build.0 = Release|Any CPU
		{1DA8DE84-0128-4966-A5A0-B66F344CD43D}.Debug|Any CPU.ActiveCfg = Debug|Any CPU
		{1DA8DE84-0128-4966-A5A0-B66F344CD43D}.Debug|Any CPU.Build.0 = Debug|Any CPU
		{1DA8DE84-0128-4966-A5A0-B66F344CD43D}.Release|Any CPU.ActiveCfg = Release|Any CPU
		{1DA8DE84-0128-4966-A5A0-B66F344CD43D}.Release|Any CPU.Build.0 = Release|Any CPU
		{577CCBF0-8AAE-4DBE-9036-AC2DEF68C617}.Debug|Any CPU.ActiveCfg = Debug|Any CPU
		{577CCBF0-8AAE-4DBE-9036-AC2DEF68C617}.Debug|Any CPU.Build.0 = Debug|Any CPU
		{577CCBF0-8AAE-4DBE-9036-AC2DEF68C617}.Release|Any CPU.ActiveCfg = Release|Any CPU
		{577CCBF0-8AAE-4DBE-9036-AC2DEF68C617}.Release|Any CPU.Build.0 = Release|Any CPU
		{A50BE547-2546-417D-88C9-83FB6DCA6F5C}.Debug|Any CPU.ActiveCfg = Debug|Any CPU
		{A50BE547-2546-417D-88C9-83FB6DCA6F5C}.Debug|Any CPU.Build.0 = Debug|Any CPU
		{A50BE547-2546-417D-88C9-83FB6DCA6F5C}.Release|Any CPU.ActiveCfg = Release|Any CPU
		{A50BE547-2546-417D-88C9-83FB6DCA6F5C}.Release|Any CPU.Build.0 = Release|Any CPU
		{297AA945-B35D-42B7-BC0C-21CC4A679290}.Debug|Any CPU.ActiveCfg = Debug|Any CPU
		{297AA945-B35D-42B7-BC0C-21CC4A679290}.Debug|Any CPU.Build.0 = Debug|Any CPU
		{297AA945-B35D-42B7-BC0C-21CC4A679290}.Release|Any CPU.ActiveCfg = Release|Any CPU
		{297AA945-B35D-42B7-BC0C-21CC4A679290}.Release|Any CPU.Build.0 = Release|Any CPU
		{C0301244-DFE8-461D-B5E1-6DD7E73C8905}.Debug|Any CPU.ActiveCfg = Debug|Any CPU
		{C0301244-DFE8-461D-B5E1-6DD7E73C8905}.Debug|Any CPU.Build.0 = Debug|Any CPU
		{C0301244-DFE8-461D-B5E1-6DD7E73C8905}.Release|Any CPU.ActiveCfg = Release|Any CPU
		{C0301244-DFE8-461D-B5E1-6DD7E73C8905}.Release|Any CPU.Build.0 = Release|Any CPU
		{142BB700-86AD-4521-B8A6-E3D3080E488A}.Debug|Any CPU.ActiveCfg = Debug|Any CPU
		{142BB700-86AD-4521-B8A6-E3D3080E488A}.Debug|Any CPU.Build.0 = Debug|Any CPU
		{142BB700-86AD-4521-B8A6-E3D3080E488A}.Release|Any CPU.ActiveCfg = Release|Any CPU
		{142BB700-86AD-4521-B8A6-E3D3080E488A}.Release|Any CPU.Build.0 = Release|Any CPU
		{E6E24799-158E-4618-A0F0-71B9379D8C65}.Debug|Any CPU.ActiveCfg = Debug|Any CPU
		{E6E24799-158E-4618-A0F0-71B9379D8C65}.Debug|Any CPU.Build.0 = Debug|Any CPU
		{E6E24799-158E-4618-A0F0-71B9379D8C65}.Release|Any CPU.ActiveCfg = Release|Any CPU
		{E6E24799-158E-4618-A0F0-71B9379D8C65}.Release|Any CPU.Build.0 = Release|Any CPU
		{DBCB884B-3D1E-472C-A7A7-B4D731101A86}.Debug|Any CPU.ActiveCfg = Debug|Any CPU
		{DBCB884B-3D1E-472C-A7A7-B4D731101A86}.Debug|Any CPU.Build.0 = Debug|Any CPU
		{DBCB884B-3D1E-472C-A7A7-B4D731101A86}.Release|Any CPU.ActiveCfg = Release|Any CPU
		{DBCB884B-3D1E-472C-A7A7-B4D731101A86}.Release|Any CPU.Build.0 = Release|Any CPU
		{66561EA0-81F3-42CE-B52E-04ACA276BECF}.Debug|Any CPU.ActiveCfg = Debug|Any CPU
		{66561EA0-81F3-42CE-B52E-04ACA276BECF}.Debug|Any CPU.Build.0 = Debug|Any CPU
		{66561EA0-81F3-42CE-B52E-04ACA276BECF}.Release|Any CPU.ActiveCfg = Release|Any CPU
		{66561EA0-81F3-42CE-B52E-04ACA276BECF}.Release|Any CPU.Build.0 = Release|Any CPU
		{BFAB9F58-A308-4F63-9CAD-7C419D28FCF8}.Debug|Any CPU.ActiveCfg = Debug|Any CPU
		{BFAB9F58-A308-4F63-9CAD-7C419D28FCF8}.Debug|Any CPU.Build.0 = Debug|Any CPU
		{BFAB9F58-A308-4F63-9CAD-7C419D28FCF8}.Release|Any CPU.ActiveCfg = Release|Any CPU
		{BFAB9F58-A308-4F63-9CAD-7C419D28FCF8}.Release|Any CPU.Build.0 = Release|Any CPU
		{76B98B3C-B452-4AF2-A646-65E55F824A89}.Debug|Any CPU.ActiveCfg = Debug|Any CPU
		{76B98B3C-B452-4AF2-A646-65E55F824A89}.Debug|Any CPU.Build.0 = Debug|Any CPU
		{76B98B3C-B452-4AF2-A646-65E55F824A89}.Release|Any CPU.ActiveCfg = Release|Any CPU
		{76B98B3C-B452-4AF2-A646-65E55F824A89}.Release|Any CPU.Build.0 = Release|Any CPU
		{F768D441-0083-49AC-859A-A7C1EDDD14C5}.Debug|Any CPU.ActiveCfg = Debug|Any CPU
		{F768D441-0083-49AC-859A-A7C1EDDD14C5}.Debug|Any CPU.Build.0 = Debug|Any CPU
		{F768D441-0083-49AC-859A-A7C1EDDD14C5}.Release|Any CPU.ActiveCfg = Release|Any CPU
		{F768D441-0083-49AC-859A-A7C1EDDD14C5}.Release|Any CPU.Build.0 = Release|Any CPU
		{2AB714A5-9710-4DD0-822D-B60E7265CB9A}.Debug|Any CPU.ActiveCfg = Debug|Any CPU
		{2AB714A5-9710-4DD0-822D-B60E7265CB9A}.Debug|Any CPU.Build.0 = Debug|Any CPU
		{2AB714A5-9710-4DD0-822D-B60E7265CB9A}.Release|Any CPU.ActiveCfg = Release|Any CPU
		{2AB714A5-9710-4DD0-822D-B60E7265CB9A}.Release|Any CPU.Build.0 = Release|Any CPU
		{787EC8DA-33F7-4479-BB88-0FB9BFC41151}.Debug|Any CPU.ActiveCfg = Debug|Any CPU
		{787EC8DA-33F7-4479-BB88-0FB9BFC41151}.Debug|Any CPU.Build.0 = Debug|Any CPU
		{787EC8DA-33F7-4479-BB88-0FB9BFC41151}.Release|Any CPU.ActiveCfg = Release|Any CPU
		{787EC8DA-33F7-4479-BB88-0FB9BFC41151}.Release|Any CPU.Build.0 = Release|Any CPU
		{D999BBA8-F79A-4D39-8BF2-D0213E7B0091}.Debug|Any CPU.ActiveCfg = Debug|Any CPU
		{D999BBA8-F79A-4D39-8BF2-D0213E7B0091}.Debug|Any CPU.Build.0 = Debug|Any CPU
		{D999BBA8-F79A-4D39-8BF2-D0213E7B0091}.Release|Any CPU.ActiveCfg = Release|Any CPU
		{D999BBA8-F79A-4D39-8BF2-D0213E7B0091}.Release|Any CPU.Build.0 = Release|Any CPU
		{4C0615D0-CF60-48D6-AB6A-7AA0BCACEA72}.Debug|Any CPU.ActiveCfg = Debug|Any CPU
		{4C0615D0-CF60-48D6-AB6A-7AA0BCACEA72}.Debug|Any CPU.Build.0 = Debug|Any CPU
		{4C0615D0-CF60-48D6-AB6A-7AA0BCACEA72}.Release|Any CPU.ActiveCfg = Release|Any CPU
		{4C0615D0-CF60-48D6-AB6A-7AA0BCACEA72}.Release|Any CPU.Build.0 = Release|Any CPU
		{74A12661-A336-41D2-9063-195B104ACAC8}.Debug|Any CPU.ActiveCfg = Debug|Any CPU
		{74A12661-A336-41D2-9063-195B104ACAC8}.Debug|Any CPU.Build.0 = Debug|Any CPU
		{74A12661-A336-41D2-9063-195B104ACAC8}.Release|Any CPU.ActiveCfg = Release|Any CPU
		{74A12661-A336-41D2-9063-195B104ACAC8}.Release|Any CPU.Build.0 = Release|Any CPU
		{9680FCC1-A96B-4F75-94A8-7470F2C754FE}.Debug|Any CPU.ActiveCfg = Debug|Any CPU
		{9680FCC1-A96B-4F75-94A8-7470F2C754FE}.Debug|Any CPU.Build.0 = Debug|Any CPU
		{9680FCC1-A96B-4F75-94A8-7470F2C754FE}.Release|Any CPU.ActiveCfg = Release|Any CPU
		{9680FCC1-A96B-4F75-94A8-7470F2C754FE}.Release|Any CPU.Build.0 = Release|Any CPU
		{4D755A33-583F-4F9A-AC3A-25B53210D898}.Debug|Any CPU.ActiveCfg = Debug|Any CPU
		{4D755A33-583F-4F9A-AC3A-25B53210D898}.Debug|Any CPU.Build.0 = Debug|Any CPU
		{4D755A33-583F-4F9A-AC3A-25B53210D898}.Release|Any CPU.ActiveCfg = Release|Any CPU
		{4D755A33-583F-4F9A-AC3A-25B53210D898}.Release|Any CPU.Build.0 = Release|Any CPU
		{E56EA101-D5C7-4E7B-81FF-29E41A25357C}.Debug|Any CPU.ActiveCfg = Debug|Any CPU
		{E56EA101-D5C7-4E7B-81FF-29E41A25357C}.Debug|Any CPU.Build.0 = Debug|Any CPU
		{E56EA101-D5C7-4E7B-81FF-29E41A25357C}.Release|Any CPU.ActiveCfg = Release|Any CPU
		{E56EA101-D5C7-4E7B-81FF-29E41A25357C}.Release|Any CPU.Build.0 = Release|Any CPU
		{F63AF6FD-B80F-4837-A097-CB834C98CE52}.Debug|Any CPU.ActiveCfg = Debug|Any CPU
		{F63AF6FD-B80F-4837-A097-CB834C98CE52}.Debug|Any CPU.Build.0 = Debug|Any CPU
		{F63AF6FD-B80F-4837-A097-CB834C98CE52}.Release|Any CPU.ActiveCfg = Release|Any CPU
		{F63AF6FD-B80F-4837-A097-CB834C98CE52}.Release|Any CPU.Build.0 = Release|Any CPU
		{C271DABF-4755-46BF-9250-67268BC109B8}.Debug|Any CPU.ActiveCfg = Debug|Any CPU
		{C271DABF-4755-46BF-9250-67268BC109B8}.Debug|Any CPU.Build.0 = Debug|Any CPU
		{C271DABF-4755-46BF-9250-67268BC109B8}.Release|Any CPU.ActiveCfg = Release|Any CPU
		{C271DABF-4755-46BF-9250-67268BC109B8}.Release|Any CPU.Build.0 = Release|Any CPU
		{EDEDE762-ED60-492F-93CC-56F7CC139621}.Debug|Any CPU.ActiveCfg = Debug|Any CPU
		{EDEDE762-ED60-492F-93CC-56F7CC139621}.Debug|Any CPU.Build.0 = Debug|Any CPU
		{EDEDE762-ED60-492F-93CC-56F7CC139621}.Release|Any CPU.ActiveCfg = Release|Any CPU
		{EDEDE762-ED60-492F-93CC-56F7CC139621}.Release|Any CPU.Build.0 = Release|Any CPU
		{2CEC4606-4B79-4C0F-B6B2-2EFB81BEBE96}.Debug|Any CPU.ActiveCfg = Debug|Any CPU
		{2CEC4606-4B79-4C0F-B6B2-2EFB81BEBE96}.Debug|Any CPU.Build.0 = Debug|Any CPU
		{2CEC4606-4B79-4C0F-B6B2-2EFB81BEBE96}.Release|Any CPU.ActiveCfg = Release|Any CPU
		{2CEC4606-4B79-4C0F-B6B2-2EFB81BEBE96}.Release|Any CPU.Build.0 = Release|Any CPU
		{91D12564-B1B7-4438-B348-F1337394B67F}.Debug|Any CPU.ActiveCfg = Debug|Any CPU
		{91D12564-B1B7-4438-B348-F1337394B67F}.Debug|Any CPU.Build.0 = Debug|Any CPU
		{91D12564-B1B7-4438-B348-F1337394B67F}.Release|Any CPU.ActiveCfg = Release|Any CPU
		{91D12564-B1B7-4438-B348-F1337394B67F}.Release|Any CPU.Build.0 = Release|Any CPU
		{8C97E17B-E01A-4143-BCBC-4CD850AB1A27}.Debug|Any CPU.ActiveCfg = Debug|Any CPU
		{8C97E17B-E01A-4143-BCBC-4CD850AB1A27}.Debug|Any CPU.Build.0 = Debug|Any CPU
		{8C97E17B-E01A-4143-BCBC-4CD850AB1A27}.Release|Any CPU.ActiveCfg = Release|Any CPU
		{8C97E17B-E01A-4143-BCBC-4CD850AB1A27}.Release|Any CPU.Build.0 = Release|Any CPU
		{B4D0A39A-0EAC-4DC8-B0AA-CF7F4A700178}.Debug|Any CPU.ActiveCfg = Debug|Any CPU
		{B4D0A39A-0EAC-4DC8-B0AA-CF7F4A700178}.Debug|Any CPU.Build.0 = Debug|Any CPU
		{B4D0A39A-0EAC-4DC8-B0AA-CF7F4A700178}.Release|Any CPU.ActiveCfg = Release|Any CPU
		{B4D0A39A-0EAC-4DC8-B0AA-CF7F4A700178}.Release|Any CPU.Build.0 = Release|Any CPU
		{DCE2E903-6B7F-42BF-B171-8CD755EA16DE}.Debug|Any CPU.ActiveCfg = Debug|Any CPU
		{DCE2E903-6B7F-42BF-B171-8CD755EA16DE}.Debug|Any CPU.Build.0 = Debug|Any CPU
		{DCE2E903-6B7F-42BF-B171-8CD755EA16DE}.Release|Any CPU.ActiveCfg = Release|Any CPU
		{DCE2E903-6B7F-42BF-B171-8CD755EA16DE}.Release|Any CPU.Build.0 = Release|Any CPU
		{F2EFC51D-8FBF-41BE-B768-31F87B4435C5}.Debug|Any CPU.ActiveCfg = Debug|Any CPU
		{F2EFC51D-8FBF-41BE-B768-31F87B4435C5}.Debug|Any CPU.Build.0 = Debug|Any CPU
		{F2EFC51D-8FBF-41BE-B768-31F87B4435C5}.Release|Any CPU.ActiveCfg = Release|Any CPU
		{F2EFC51D-8FBF-41BE-B768-31F87B4435C5}.Release|Any CPU.Build.0 = Release|Any CPU
		{E1399A79-C27E-4FBF-B449-BF1F8F02D950}.Debug|Any CPU.ActiveCfg = Debug|Any CPU
		{E1399A79-C27E-4FBF-B449-BF1F8F02D950}.Debug|Any CPU.Build.0 = Debug|Any CPU
		{E1399A79-C27E-4FBF-B449-BF1F8F02D950}.Release|Any CPU.ActiveCfg = Release|Any CPU
		{E1399A79-C27E-4FBF-B449-BF1F8F02D950}.Release|Any CPU.Build.0 = Release|Any CPU
		{8BF2E07D-6153-4E3D-8CFE-33623E85CC7C}.Debug|Any CPU.ActiveCfg = Debug|Any CPU
		{8BF2E07D-6153-4E3D-8CFE-33623E85CC7C}.Debug|Any CPU.Build.0 = Debug|Any CPU
		{8BF2E07D-6153-4E3D-8CFE-33623E85CC7C}.Release|Any CPU.ActiveCfg = Release|Any CPU
		{8BF2E07D-6153-4E3D-8CFE-33623E85CC7C}.Release|Any CPU.Build.0 = Release|Any CPU
		{159A51B8-7D30-4BC3-959A-8DB8B9CD43A8}.Debug|Any CPU.ActiveCfg = Debug|Any CPU
		{159A51B8-7D30-4BC3-959A-8DB8B9CD43A8}.Debug|Any CPU.Build.0 = Debug|Any CPU
		{159A51B8-7D30-4BC3-959A-8DB8B9CD43A8}.Release|Any CPU.ActiveCfg = Release|Any CPU
		{159A51B8-7D30-4BC3-959A-8DB8B9CD43A8}.Release|Any CPU.Build.0 = Release|Any CPU
		{76461134-73E5-44A5-A4EB-2DAA1126990A}.Debug|Any CPU.ActiveCfg = Debug|Any CPU
		{76461134-73E5-44A5-A4EB-2DAA1126990A}.Debug|Any CPU.Build.0 = Debug|Any CPU
		{76461134-73E5-44A5-A4EB-2DAA1126990A}.Release|Any CPU.ActiveCfg = Release|Any CPU
		{76461134-73E5-44A5-A4EB-2DAA1126990A}.Release|Any CPU.Build.0 = Release|Any CPU
		{6EA5CE63-F876-47C8-AA30-35CC50AD4050}.Debug|Any CPU.ActiveCfg = Debug|Any CPU
		{6EA5CE63-F876-47C8-AA30-35CC50AD4050}.Debug|Any CPU.Build.0 = Debug|Any CPU
		{6EA5CE63-F876-47C8-AA30-35CC50AD4050}.Release|Any CPU.ActiveCfg = Release|Any CPU
		{6EA5CE63-F876-47C8-AA30-35CC50AD4050}.Release|Any CPU.Build.0 = Release|Any CPU
		{E009BB85-17DD-4E9B-A012-B37C3850184B}.Debug|Any CPU.ActiveCfg = Debug|Any CPU
		{E009BB85-17DD-4E9B-A012-B37C3850184B}.Debug|Any CPU.Build.0 = Debug|Any CPU
		{E009BB85-17DD-4E9B-A012-B37C3850184B}.Release|Any CPU.ActiveCfg = Release|Any CPU
		{E009BB85-17DD-4E9B-A012-B37C3850184B}.Release|Any CPU.Build.0 = Release|Any CPU
		{1238D9C2-1402-4B6F-8EBE-4E93D31E2178}.Debug|Any CPU.ActiveCfg = Debug|Any CPU
		{1238D9C2-1402-4B6F-8EBE-4E93D31E2178}.Debug|Any CPU.Build.0 = Debug|Any CPU
		{1238D9C2-1402-4B6F-8EBE-4E93D31E2178}.Release|Any CPU.ActiveCfg = Release|Any CPU
		{1238D9C2-1402-4B6F-8EBE-4E93D31E2178}.Release|Any CPU.Build.0 = Release|Any CPU
	EndGlobalSection
	GlobalSection(SolutionProperties) = preSolution
		HideSolutionNode = FALSE
	EndGlobalSection
	GlobalSection(NestedProjects) = preSolution
		{8D393BDA-3E00-401C-BA1D-73954E2888CD} = {0AA6860B-C6C0-48F1-BC34-7BC5CFA70591}
		{6E74A755-D460-4A4F-8FA3-40E7EF77E7A6} = {4F145A30-750A-47FA-8E18-091E2C83DCB1}
		{40A4EE8A-C3C9-444A-B3BF-C1A9F84AA45F} = {4F145A30-750A-47FA-8E18-091E2C83DCB1}
		{9D3A78B5-4CA4-4C64-9E61-FDADAB33A826} = {4F145A30-750A-47FA-8E18-091E2C83DCB1}
		{6342382A-F46A-4409-A8E7-C0F2A48F5609} = {4F145A30-750A-47FA-8E18-091E2C83DCB1}
		{059A2ED9-E8B1-4E0E-BD46-93DF830887FB} = {4F145A30-750A-47FA-8E18-091E2C83DCB1}
		{1DA8DE84-0128-4966-A5A0-B66F344CD43D} = {4F145A30-750A-47FA-8E18-091E2C83DCB1}
		{577CCBF0-8AAE-4DBE-9036-AC2DEF68C617} = {82CA74D0-E2D7-4037-93EB-90E3785FDE35}
		{A50BE547-2546-417D-88C9-83FB6DCA6F5C} = {3C121AC6-CA4D-4F42-A2E3-0E5A624B0FC6}
		{297AA945-B35D-42B7-BC0C-21CC4A679290} = {3C121AC6-CA4D-4F42-A2E3-0E5A624B0FC6}
		{C0301244-DFE8-461D-B5E1-6DD7E73C8905} = {3C121AC6-CA4D-4F42-A2E3-0E5A624B0FC6}
		{142BB700-86AD-4521-B8A6-E3D3080E488A} = {39483229-D795-4B8C-AA2C-2AFF2583EF03}
		{E6E24799-158E-4618-A0F0-71B9379D8C65} = {39483229-D795-4B8C-AA2C-2AFF2583EF03}
		{DBCB884B-3D1E-472C-A7A7-B4D731101A86} = {39483229-D795-4B8C-AA2C-2AFF2583EF03}
		{66561EA0-81F3-42CE-B52E-04ACA276BECF} = {39483229-D795-4B8C-AA2C-2AFF2583EF03}
		{BFAB9F58-A308-4F63-9CAD-7C419D28FCF8} = {39483229-D795-4B8C-AA2C-2AFF2583EF03}
		{76B98B3C-B452-4AF2-A646-65E55F824A89} = {39483229-D795-4B8C-AA2C-2AFF2583EF03}
		{F768D441-0083-49AC-859A-A7C1EDDD14C5} = {39483229-D795-4B8C-AA2C-2AFF2583EF03}
		{2AB714A5-9710-4DD0-822D-B60E7265CB9A} = {39483229-D795-4B8C-AA2C-2AFF2583EF03}
		{787EC8DA-33F7-4479-BB88-0FB9BFC41151} = {20414A25-EFC6-49B7-B352-9B7DE67D3006}
		{D999BBA8-F79A-4D39-8BF2-D0213E7B0091} = {20414A25-EFC6-49B7-B352-9B7DE67D3006}
		{4C0615D0-CF60-48D6-AB6A-7AA0BCACEA72} = {20414A25-EFC6-49B7-B352-9B7DE67D3006}
		{74A12661-A336-41D2-9063-195B104ACAC8} = {20414A25-EFC6-49B7-B352-9B7DE67D3006}
		{9680FCC1-A96B-4F75-94A8-7470F2C754FE} = {20414A25-EFC6-49B7-B352-9B7DE67D3006}
		{4D755A33-583F-4F9A-AC3A-25B53210D898} = {20414A25-EFC6-49B7-B352-9B7DE67D3006}
		{E56EA101-D5C7-4E7B-81FF-29E41A25357C} = {20414A25-EFC6-49B7-B352-9B7DE67D3006}
		{F63AF6FD-B80F-4837-A097-CB834C98CE52} = {20414A25-EFC6-49B7-B352-9B7DE67D3006}
		{C271DABF-4755-46BF-9250-67268BC109B8} = {20414A25-EFC6-49B7-B352-9B7DE67D3006}
		{EDEDE762-ED60-492F-93CC-56F7CC139621} = {20414A25-EFC6-49B7-B352-9B7DE67D3006}
		{2CEC4606-4B79-4C0F-B6B2-2EFB81BEBE96} = {20414A25-EFC6-49B7-B352-9B7DE67D3006}
		{91D12564-B1B7-4438-B348-F1337394B67F} = {50B59264-5EF7-4BEC-9442-82858335E13D}
		{8C97E17B-E01A-4143-BCBC-4CD850AB1A27} = {84C84918-9E87-4C00-9D36-B332B64FDB99}
		{B4D0A39A-0EAC-4DC8-B0AA-CF7F4A700178} = {341AEF29-6EDA-4B07-8FD7-73B560705745}
		{DCE2E903-6B7F-42BF-B171-8CD755EA16DE} = {341AEF29-6EDA-4B07-8FD7-73B560705745}
		{F2EFC51D-8FBF-41BE-B768-31F87B4435C5} = {341AEF29-6EDA-4B07-8FD7-73B560705745}
		{E1399A79-C27E-4FBF-B449-BF1F8F02D950} = {4E0FFA21-F63D-4D62-9735-2A7B2C243050}
		{8BF2E07D-6153-4E3D-8CFE-33623E85CC7C} = {3616EF46-3462-451E-86B2-93D24B14D6BF}
		{159A51B8-7D30-4BC3-959A-8DB8B9CD43A8} = {3616EF46-3462-451E-86B2-93D24B14D6BF}
		{76461134-73E5-44A5-A4EB-2DAA1126990A} = {3616EF46-3462-451E-86B2-93D24B14D6BF}
		{6EA5CE63-F876-47C8-AA30-35CC50AD4050} = {3616EF46-3462-451E-86B2-93D24B14D6BF}
		{E009BB85-17DD-4E9B-A012-B37C3850184B} = {3616EF46-3462-451E-86B2-93D24B14D6BF}
		{1238D9C2-1402-4B6F-8EBE-4E93D31E2178} = {3616EF46-3462-451E-86B2-93D24B14D6BF}
	EndGlobalSection
	GlobalSection(ExtensibilityGlobals) = postSolution
		SolutionGuid = {58565F9D-E33E-43FF-AD97-2186139584D3}
	EndGlobalSection
EndGlobal
